
Microsoft Visual Studio Solution File, Format Version 12.00
# Visual Studio Version 16
VisualStudioVersion = 16.0.30406.217
MinimumVisualStudioVersion = 10.0.40219.1
Project("{2150E333-8FDC-42A3-9474-1A3956D46DE8}") = "source", "source", "{BED1E254-EE4D-4BB3-BA89-6637E2C7BBF5}"
EndProject
Project("{FAE04EC0-301F-11D3-BF4B-00C04F79EFBC}") = "API", "API\API.csproj", "{3DBC9331-214A-48B9-BCA9-7944FCB98417}"
EndProject
Project("{FAE04EC0-301F-11D3-BF4B-00C04F79EFBC}") = "DLL", "DLL\DLL.csproj", "{1C0D4B35-11A4-4257-85D5-010B577BB75D}"
EndProject
Global
	GlobalSection(SolutionConfigurationPlatforms) = preSolution
		Debug|Any CPU = Debug|Any CPU
		Release|Any CPU = Release|Any CPU
	EndGlobalSection
	GlobalSection(ProjectConfigurationPlatforms) = postSolution
		{3DBC9331-214A-48B9-BCA9-7944FCB98417}.Debug|Any CPU.ActiveCfg = Debug|Any CPU
		{3DBC9331-214A-48B9-BCA9-7944FCB98417}.Debug|Any CPU.Build.0 = Debug|Any CPU
		{3DBC9331-214A-48B9-BCA9-7944FCB98417}.Release|Any CPU.ActiveCfg = Release|Any CPU
		{3DBC9331-214A-48B9-BCA9-7944FCB98417}.Release|Any CPU.Build.0 = Release|Any CPU
		{1C0D4B35-11A4-4257-85D5-010B577BB75D}.Debug|Any CPU.ActiveCfg = Debug|Any CPU
		{1C0D4B35-11A4-4257-85D5-010B577BB75D}.Debug|Any CPU.Build.0 = Debug|Any CPU
		{1C0D4B35-11A4-4257-85D5-010B577BB75D}.Release|Any CPU.ActiveCfg = Release|Any CPU
		{1C0D4B35-11A4-4257-85D5-010B577BB75D}.Release|Any CPU.Build.0 = Release|Any CPU
	EndGlobalSection
	GlobalSection(SolutionProperties) = preSolution
		HideSolutionNode = FALSE
	EndGlobalSection
	GlobalSection(NestedProjects) = preSolution
		{3DBC9331-214A-48B9-BCA9-7944FCB98417} = {BED1E254-EE4D-4BB3-BA89-6637E2C7BBF5}
		{1C0D4B35-11A4-4257-85D5-010B577BB75D} = {BED1E254-EE4D-4BB3-BA89-6637E2C7BBF5}
	EndGlobalSection
	GlobalSection(ExtensibilityGlobals) = postSolution
		SolutionGuid = {8B77474E-5B97-4B75-B5EE-B71DC2002706}
	EndGlobalSection
EndGlobal
